dependencies:
- name: mysql
  repository: https://charts.helm.sh/stable
  version: 1.6.9
- name: geoip
  repository: https://charts.ntppool.org/
  version: 0.4.0
- name: data-api
  repository: https://charts.ntppool.org/
  version: 0.9.8
- name: screensnap
  repository: https://charts.ntppool.org/
  version: 1.1.1
- name: smtp
  repository: https://charts.ntppool.org/
  version: 2.1.1
- name: locationcode
  repository: https://charts.ntppool.org/
  version: 1.0.8
- name: common
  repository: https://library-charts.k8s-at-home.com
  version: 4.3.0
digest: sha256:f99fa96c17d9c168679e48f7d00b948f0e093ce0346dd677eb2f9fc4831ff40b
generated: "2025-01-10T04:05:11.026834-08:00"
