dependencies:
- name: mysql
  repository: https://charts.helm.sh/stable
  version: 1.6.9
- name: geoip
  repository: https://charts.ntppool.org/
  version: 0.3.0
- name: splash
  repository: https://charts.ntppool.org/
  version: 1.0.2
- name: smtp
  repository: https://charts.ntppool.org/
  version: 1.0.1
- name: locationcode
  repository: https://charts.ntppool.org/
  version: 1.0.4
- name: common
  repository: https://library-charts.k8s-at-home.com
  version: 4.3.0
digest: sha256:81fede5d1a0933f97a804466e2cfe691d322f372d8a5e96f3b09d611f1762cdd
generated: "2022-11-07T21:09:57.23138-08:00"
