dependencies:
- name: mysql
  repository: https://charts.helm.sh/stable
  version: 1.6.9
- name: geoip
  repository: https://charts.ntppool.org/
  version: 0.3.1
- name: screensnap
  repository: https://charts.ntppool.org/
  version: 1.0.1
- name: smtp
  repository: https://charts.ntppool.org/
  version: 2.0.0
- name: locationcode
  repository: https://charts.ntppool.org/
  version: 1.0.6
- name: common
  repository: https://library-charts.k8s-at-home.com
  version: 4.3.0
digest: sha256:87417e7fd50250128784fdc7a76795de314e944b37e1c2b60fe1f168db9f58dc
generated: "2023-06-07T00:39:54.674766-07:00"
